
Microsoft Visual Studio Solution File, Format Version 12.00
# Visual Studio Version 17
VisualStudioVersion = 17.4.33122.133
MinimumVisualStudioVersion = 10.0.40219.1
Project("{FAE04EC0-301F-11D3-BF4B-00C04F79EFBC}") = "chuongtrinhhoc", "chuongtrinhhoc\chuongtrinhhoc.csproj", "{D8D82469-2FFC-4611-AA2A-B5807D5EC142}"
EndProject
Global
	GlobalSection(SolutionConfigurationPlatforms) = preSolution
		Debug|Any CPU = Debug|Any CPU
		Release|Any CPU = Release|Any CPU
	EndGlobalSection
	GlobalSection(ProjectConfigurationPlatforms) = postSolution
		{D8D82469-2FFC-4611-AA2A-B5807D5EC142}.Debug|Any CPU.ActiveCfg = Debug|Any CPU
		{D8D82469-2FFC-4611-AA2A-B5807D5EC142}.Debug|Any CPU.Build.0 = Debug|Any CPU
		{D8D82469-2FFC-4611-AA2A-B5807D5EC142}.Release|Any CPU.ActiveCfg = Release|Any CPU
		{D8D82469-2FFC-4611-AA2A-B5807D5EC142}.Release|Any CPU.Build.0 = Release|Any CPU
	EndGlobalSection
	GlobalSection(SolutionProperties) = preSolution
		HideSolutionNode = FALSE
	EndGlobalSection
	GlobalSection(ExtensibilityGlobals) = postSolution
		SolutionGuid = {75C34DA5-C645-4902-B9C7-51C6DE545B06}
	EndGlobalSection
EndGlobal
