
Microsoft Visual Studio Solution File, Format Version 12.00
# Visual Studio Version 17
VisualStudioVersion = 17.4.33122.133
MinimumVisualStudioVersion = 10.0.40219.1
Project("{FAE04EC0-301F-11D3-BF4B-00C04F79EFBC}") = "danhsachmonhoc_mo", "danhsachmonhoc_mo\danhsachmonhoc_mo.csproj", "{3EA4B8C7-302A-4A3A-BF9F-8B787377C689}"
EndProject
Global
	GlobalSection(SolutionConfigurationPlatforms) = preSolution
		Debug|Any CPU = Debug|Any CPU
		Release|Any CPU = Release|Any CPU
	EndGlobalSection
	GlobalSection(ProjectConfigurationPlatforms) = postSolution
		{3EA4B8C7-302A-4A3A-BF9F-8B787377C689}.Debug|Any CPU.ActiveCfg = Debug|Any CPU
		{3EA4B8C7-302A-4A3A-BF9F-8B787377C689}.Debug|Any CPU.Build.0 = Debug|Any CPU
		{3EA4B8C7-302A-4A3A-BF9F-8B787377C689}.Release|Any CPU.ActiveCfg = Release|Any CPU
		{3EA4B8C7-302A-4A3A-BF9F-8B787377C689}.Release|Any CPU.Build.0 = Release|Any CPU
	EndGlobalSection
	GlobalSection(SolutionProperties) = preSolution
		HideSolutionNode = FALSE
	EndGlobalSection
	GlobalSection(ExtensibilityGlobals) = postSolution
		SolutionGuid = {78BCDB19-A7D2-44D9-8271-BB40FE4A1105}
	EndGlobalSection
EndGlobal
